
Microsoft Visual Studio Solution File, Format Version 11.00
# Visual Studio 2010
Project("{FAE04EC0-301F-11D3-BF4B-00C04F79EFBC}") = "BankManagementSystem", "BankManagementSystem\BankManagementSystem.csproj", "{D323D1BA-6484-41D6-9C39-84728D918577}"
EndProject
Global
	GlobalSection(SolutionConfigurationPlatforms) = preSolution
		Debug|Any CPU = Debug|Any CPU
		Release|Any CPU = Release|Any CPU
	EndGlobalSection
	GlobalSection(ProjectConfigurationPlatforms) = postSolution
		{D323D1BA-6484-41D6-9C39-84728D918577}.Debug|Any CPU.ActiveCfg = Debug|Any CPU
		{D323D1BA-6484-41D6-9C39-84728D918577}.Debug|Any CPU.Build.0 = Debug|Any CPU
		{D323D1BA-6484-41D6-9C39-84728D918577}.Release|Any CPU.ActiveCfg = Release|Any CPU
		{D323D1BA-6484-41D6-9C39-84728D918577}.Release|Any CPU.Build.0 = Release|Any CPU
	EndGlobalSection
	GlobalSection(SolutionProperties) = preSolution
		HideSolutionNode = FALSE
	EndGlobalSection
EndGlobal
